// !$*UTF8*$!
{
	archiveVersion = 1;
	classes = {
	};
	objectVersion = 46;
	objects = {

/* Begin PBXBuildFile section */
		4E49FBC2AB86E51D6E174E1B /* Pods_Wilos.framework in Frameworks */ = {isa = PBXBuildFile; fileRef = 00CD6DF5DEC4CB550309BF03 /* Pods_Wilos.framework */; };
		614180901F246891008E0E55 /* Keys.plist in Resources */ = {isa = PBXBuildFile; fileRef = 6141808F1F246891008E0E55 /* Keys.plist */; };
		61BFE8941F2410C100D2E947 /* AppDelegate.swift in Sources */ = {isa = PBXBuildFile; fileRef = 61BFE8931F2410C100D2E947 /* AppDelegate.swift */; };
		61BFE8961F2410C100D2E947 /* ViewController.swift in Sources */ = {isa = PBXBuildFile; fileRef = 61BFE8951F2410C100D2E947 /* ViewController.swift */; };
		61BFE8991F2410C100D2E947 /* Main.storyboard in Resources */ = {isa = PBXBuildFile; fileRef = 61BFE8971F2410C100D2E947 /* Main.storyboard */; };
		61BFE89B1F2410C100D2E947 /* Assets.xcassets in Resources */ = {isa = PBXBuildFile; fileRef = 61BFE89A1F2410C100D2E947 /* Assets.xcassets */; };
		61BFE89E1F2410C100D2E947 /* LaunchScreen.storyboard in Resources */ = {isa = PBXBuildFile; fileRef = 61BFE89C1F2410C100D2E947 /* LaunchScreen.storyboard */; };
/* End PBXBuildFile section */

/* Begin PBXFileReference section */
		00CD6DF5DEC4CB550309BF03 /* Pods_Wilos.framework */ = {isa = PBXFileReference; explicitFileType = wrapper.framework; includeInIndex = 0; path = Pods_Wilos.framework; sourceTree = BUILT_PRODUCTS_DIR; };
		08562B6DE3E5FA7628FE429C /* Pods-Wilos.debug.xcconfig */ = {isa = PBXFileReference; includeInIndex = 1; lastKnownFileType = text.xcconfig; name = "Pods-Wilos.debug.xcconfig"; path = "Pods/Target Support Files/Pods-Wilos/Pods-Wilos.debug.xcconfig"; sourceTree = "<group>"; };
		6141808F1F246891008E0E55 /* Keys.plist */ = {isa = PBXFileReference; fileEncoding = 4; lastKnownFileType = text.plist.xml; path = Keys.plist; sourceTree = "<group>"; };
		61BFE8901F2410C100D2E947 /* Wilos.app */ = {isa = PBXFileReference; explicitFileType = wrapper.application; includeInIndex = 0; path = Wilos.app; sourceTree = BUILT_PRODUCTS_DIR; };
		61BFE8931F2410C100D2E947 /* AppDelegate.swift */ = {isa = PBXFileReference; lastKnownFileType = sourcecode.swift; path = AppDelegate.swift; sourceTree = "<group>"; };
		61BFE8951F2410C100D2E947 /* ViewController.swift */ = {isa = PBXFileReference; lastKnownFileType = sourcecode.swift; path = ViewController.swift; sourceTree = "<group>"; };
		61BFE8981F2410C100D2E947 /* Base */ = {isa = PBXFileReference; lastKnownFileType = file.storyboard; name = Base; path = Base.lproj/Main.storyboard; sourceTree = "<group>"; };
		61BFE89A1F2410C100D2E947 /* Assets.xcassets */ = {isa = PBXFileReference; lastKnownFileType = folder.assetcatalog; path = Assets.xcassets; sourceTree = "<group>"; };
		61BFE89D1F2410C100D2E947 /* Base */ = {isa = PBXFileReference; lastKnownFileType = file.storyboard; name = Base; path = Base.lproj/LaunchScreen.storyboard; sourceTree = "<group>"; };
		61BFE89F1F2410C100D2E947 /* Info.plist */ = {isa = PBXFileReference; lastKnownFileType = text.plist.xml; path = Info.plist; sourceTree = "<group>"; };
		A0B7F64804B19522B8873504 /* Pods-Wilos.release.xcconfig */ = {isa = PBXFileReference; includeInIndex = 1; lastKnownFileType = text.xcconfig; name = "Pods-Wilos.release.xcconfig"; path = "Pods/Target Support Files/Pods-Wilos/Pods-Wilos.release.xcconfig"; sourceTree = "<group>"; };
/* End PBXFileReference section */

/* Begin PBXFrameworksBuildPhase section */
		61BFE88D1F2410C100D2E947 /* Frameworks */ = {
			isa = PBXFrameworksBuildPhase;
			buildActionMask = 2147483647;
			files = (
				4E49FBC2AB86E51D6E174E1B /* Pods_Wilos.framework in Frameworks */,
			);
			runOnlyForDeploymentPostprocessing = 0;
		};
/* End PBXFrameworksBuildPhase section */

/* Begin PBXGroup section */
		328CD53585E6AD2878694A69 /* Pods */ = {
			isa = PBXGroup;
			children = (
				08562B6DE3E5FA7628FE429C /* Pods-Wilos.debug.xcconfig */,
				A0B7F64804B19522B8873504 /* Pods-Wilos.release.xcconfig */,
			);
			name = Pods;
			sourceTree = "<group>";
		};
		61BFE8871F2410C100D2E947 = {
			isa = PBXGroup;
			children = (
				61BFE8921F2410C100D2E947 /* Wilos */,
				61BFE8911F2410C100D2E947 /* Products */,
				328CD53585E6AD2878694A69 /* Pods */,
				68591478460077CF370B8078 /* Frameworks */,
			);
			sourceTree = "<group>";
		};
		61BFE8911F2410C100D2E947 /* Products */ = {
			isa = PBXGroup;
			children = (
				61BFE8901F2410C100D2E947 /* Wilos.app */,
			);
			name = Products;
			sourceTree = "<group>";
		};
		61BFE8921F2410C100D2E947 /* Wilos */ = {
			isa = PBXGroup;
			children = (
				61BFE8931F2410C100D2E947 /* AppDelegate.swift */,
				61BFE8951F2410C100D2E947 /* ViewController.swift */,
				61BFE8971F2410C100D2E947 /* Main.storyboard */,
				61BFE89A1F2410C100D2E947 /* Assets.xcassets */,
				61BFE89C1F2410C100D2E947 /* LaunchScreen.storyboard */,
				61BFE89F1F2410C100D2E947 /* Info.plist */,
				6141808F1F246891008E0E55 /* Keys.plist */,
			);
			path = Wilos;
			sourceTree = "<group>";
		};
		68591478460077CF370B8078 /* Frameworks */ = {
			isa = PBXGroup;
			children = (
				00CD6DF5DEC4CB550309BF03 /* Pods_Wilos.framework */,
			);
			name = Frameworks;
			sourceTree = "<group>";
		};
/* End PBXGroup section */

/* Begin PBXNativeTarget section */
		61BFE88F1F2410C100D2E947 /* Wilos */ = {
			isa = PBXNativeTarget;
			buildConfigurationList = 61BFE8A21F2410C100D2E947 /* Build configuration list for PBXNativeTarget "Wilos" */;
			buildPhases = (
				6F997660646F83F72F5AF016 /* [CP] Check Pods Manifest.lock */,
				61BFE88C1F2410C100D2E947 /* Sources */,
				61BFE88D1F2410C100D2E947 /* Frameworks */,
				61BFE88E1F2410C100D2E947 /* Resources */,
				81738E71A1276DC9EE7592A1 /* [CP] Embed Pods Frameworks */,
				FC407EC18510FB24810BFAA5 /* [CP] Copy Pods Resources */,
			);
			buildRules = (
			);
			dependencies = (
			);
			name = Wilos;
			productName = Wilos;
			productReference = 61BFE8901F2410C100D2E947 /* Wilos.app */;
			productType = "com.apple.product-type.application";
		};
/* End PBXNativeTarget section */

/* Begin PBXProject section */
		61BFE8881F2410C100D2E947 /* Project object */ = {
			isa = PBXProject;
			attributes = {
				LastSwiftUpdateCheck = 0830;
				LastUpgradeCheck = 0830;
				ORGANIZATIONNAME = usharif;
				TargetAttributes = {
					61BFE88F1F2410C100D2E947 = {
						CreatedOnToolsVersion = 8.3.3;
						DevelopmentTeam = JXTYT79G8A;
						ProvisioningStyle = Automatic;
					};
				};
			};
			buildConfigurationList = 61BFE88B1F2410C100D2E947 /* Build configuration list for PBXProject "Wilos" */;
			compatibilityVersion = "Xcode 3.2";
			developmentRegion = English;
			hasScannedForEncodings = 0;
			knownRegions = (
				en,
				Base,
			);
			mainGroup = 61BFE8871F2410C100D2E947;
			productRefGroup = 61BFE8911F2410C100D2E947 /* Products */;
			projectDirPath = "";
			projectRoot = "";
			targets = (
				61BFE88F1F2410C100D2E947 /* Wilos */,
			);
		};
/* End PBXProject section */

/* Begin PBXResourcesBuildPhase section */
		61BFE88E1F2410C100D2E947 /* Resources */ = {
			isa = PBXResourcesBuildPhase;
			buildActionMask = 2147483647;
			files = (
				614180901F246891008E0E55 /* Keys.plist in Resources */,
				61BFE89E1F2410C100D2E947 /* LaunchScreen.storyboard in Resources */,
				61BFE89B1F2410C100D2E947 /* Assets.xcassets in Resources */,
				61BFE8991F2410C100D2E947 /* Main.storyboard in Resources */,
			);
			runOnlyForDeploymentPostprocessing = 0;
		};
/* End PBXResourcesBuildPhase section */

/* Begin PBXShellScriptBuildPhase section */
		6F997660646F83F72F5AF016 /* [CP] Check Pods Manifest.lock */ = {
			isa = PBXShellScriptBuildPhase;
			buildActionMask = 2147483647;
			files = (
			);
			inputPaths = (
			);
			name = "[CP] Check Pods Manifest.lock";
			outputPaths = (
			);
			runOnlyForDeploymentPostprocessing = 0;
			shellPath = /bin/sh;
			shellScript = "diff \"${PODS_PODFILE_DIR_PATH}/Podfile.lock\" \"${PODS_ROOT}/Manifest.lock\" > /dev/null\nif [ $? != 0 ] ; then\n    # print error to STDERR\n    echo \"error: The sandbox is not in sync with the Podfile.lock. Run 'pod install' or update your CocoaPods installation.\" >&2\n    exit 1\nfi\n";
			showEnvVarsInLog = 0;
		};
		81738E71A1276DC9EE7592A1 /* [CP] Embed Pods Frameworks */ = {
			isa = PBXShellScriptBuildPhase;
			buildActionMask = 2147483647;
			files = (
			);
			inputPaths = (
			);
			name = "[CP] Embed Pods Frameworks";
			outputPaths = (
			);
			runOnlyForDeploymentPostprocessing = 0;
			shellPath = /bin/sh;
			shellScript = "\"${SRCROOT}/Pods/Target Support Files/Pods-Wilos/Pods-Wilos-frameworks.sh\"\n";
			showEnvVarsInLog = 0;
		};
		FC407EC18510FB24810BFAA5 /* [CP] Copy Pods Resources */ = {
			isa = PBXShellScriptBuildPhase;
			buildActionMask = 2147483647;
			files = (
			);
			inputPaths = (
			);
			name = "[CP] Copy Pods Resources";
			outputPaths = (
			);
			runOnlyForDeploymentPostprocessing = 0;
			shellPath = /bin/sh;
			shellScript = "\"${SRCROOT}/Pods/Target Support Files/Pods-Wilos/Pods-Wilos-resources.sh\"\n";
			showEnvVarsInLog = 0;
		};
/* End PBXShellScriptBuildPhase section */

/* Begin PBXSourcesBuildPhase section */
		61BFE88C1F2410C100D2E947 /* Sources */ = {
			isa = PBXSourcesBuildPhase;
			buildActionMask = 2147483647;
			files = (
				61BFE8961F2410C100D2E947 /* ViewController.swift in Sources */,
				61BFE8941F2410C100D2E947 /* AppDelegate.swift in Sources */,
			);
			runOnlyForDeploymentPostprocessing = 0;
		};
/* End PBXSourcesBuildPhase section */

/* Begin PBXVariantGroup section */
		61BFE8971F2410C100D2E947 /* Main.storyboard */ = {
			isa = PBXVariantGroup;
			children = (
				61BFE8981F2410C100D2E947 /* Base */,
			);
			name = Main.storyboard;
			sourceTree = "<group>";
		};
		61BFE89C1F2410C100D2E947 /* LaunchScreen.storyboard */ = {
			isa = PBXVariantGroup;
			children = (
				61BFE89D1F2410C100D2E947 /* Base */,
			);
			name = LaunchScreen.storyboard;
			sourceTree = "<group>";
		};
/* End PBXVariantGroup section */

/* Begin XCBuildConfiguration section */
		61BFE8A01F2410C100D2E947 /* Debug */ = {
			isa = XCBuildConfiguration;
			buildSettings = {
				ALWAYS_SEARCH_USER_PATHS = NO;
				CLANG_ANALYZER_NONNULL = YES;
				CLANG_ANALYZER_NUMBER_OBJECT_CONVERSION = YES_AGGRESSIVE;
				CLANG_CXX_LANGUAGE_STANDARD = "gnu++0x";
				CLANG_CXX_LIBRARY = "libc++";
				CLANG_ENABLE_MODULES = YES;
				CLANG_ENABLE_OBJC_ARC = YES;
				CLANG_WARN_BOOL_CONVERSION = YES;
				CLANG_WARN_CONSTANT_CONVERSION = YES;
				CLANG_WARN_DIRECT_OBJC_ISA_USAGE = YES_ERROR;
				CLANG_WARN_DOCUMENTATION_COMMENTS = YES;
				CLANG_WARN_EMPTY_BODY = YES;
				CLANG_WARN_ENUM_CONVERSION = YES;
				CLANG_WARN_INFINITE_RECURSION = YES;
				CLANG_WARN_INT_CONVERSION = YES;
				CLANG_WARN_OBJC_ROOT_CLASS = YES_ERROR;
				CLANG_WARN_SUSPICIOUS_MOVE = YES;
				CLANG_WARN_UNREACHABLE_CODE = YES;
				CLANG_WARN__DUPLICATE_METHOD_MATCH = YES;
				"CODE_SIGN_IDENTITY[sdk=iphoneos*]" = "iPhone Developer";
				COPY_PHASE_STRIP = NO;
				DEBUG_INFORMATION_FORMAT = dwarf;
				ENABLE_STRICT_OBJC_MSGSEND = YES;
				ENABLE_TESTABILITY = YES;
				GCC_C_LANGUAGE_STANDARD = gnu99;
				GCC_DYNAMIC_NO_PIC = NO;
				GCC_NO_COMMON_BLOCKS = YES;
				GCC_OPTIMIZATION_LEVEL = 0;
				GCC_PREPROCESSOR_DEFINITIONS = (
					"DEBUG=1",
					"$(inherited)",
				);
				GCC_WARN_64_TO_32_BIT_CONVERSION = YES;
				GCC_WARN_ABOUT_RETURN_TYPE = YES_ERROR;
				GCC_WARN_UNDECLARED_SELECTOR = YES;
				GCC_WARN_UNINITIALIZED_AUTOS = YES_AGGRESSIVE;
				GCC_WARN_UNUSED_FUNCTION = YES;
				GCC_WARN_UNUSED_VARIABLE = YES;
				IPHONEOS_DEPLOYMENT_TARGET = 10.3;
				MTL_ENABLE_DEBUG_INFO = YES;
				ONLY_ACTIVE_ARCH = YES;
				SDKROOT = iphoneos;
				SWIFT_ACTIVE_COMPILATION_CONDITIONS = DEBUG;
				SWIFT_OPTIMIZATION_LEVEL = "-Onone";
			};
			name = Debug;
		};
		61BFE8A11F2410C100D2E947 /* Release */ = {
			isa = XCBuildConfiguration;
			buildSettings = {
				ALWAYS_SEARCH_USER_PATHS = NO;
				CLANG_ANALYZER_NONNULL = YES;
				CLANG_ANALYZER_NUMBER_OBJECT_CONVERSION = YES_AGGRESSIVE;
				CLANG_CXX_LANGUAGE_STANDARD = "gnu++0x";
				CLANG_CXX_LIBRARY = "libc++";
				CLANG_ENABLE_MODULES = YES;
				CLANG_ENABLE_OBJC_ARC = YES;
				CLANG_WARN_BOOL_CONVERSION = YES;
				CLANG_WARN_CONSTANT_CONVERSION = YES;
				CLANG_WARN_DIRECT_OBJC_ISA_USAGE = YES_ERROR;
				CLANG_WARN_DOCUMENTATION_COMMENTS = YES;
				CLANG_WARN_EMPTY_BODY = YES;
				CLANG_WARN_ENUM_CONVERSION = YES;
				CLANG_WARN_INFINITE_RECURSION = YES;
				CLANG_WARN_INT_CONVERSION = YES;
				CLANG_WARN_OBJC_ROOT_CLASS = YES_ERROR;
				CLANG_WARN_SUSPICIOUS_MOVE = YES;
				CLANG_WARN_UNREACHABLE_CODE = YES;
				CLANG_WARN__DUPLICATE_METHOD_MATCH = YES;
				"CODE_SIGN_IDENTITY[sdk=iphoneos*]" = "iPhone Developer";
				COPY_PHASE_STRIP = NO;
				DEBUG_INFORMATION_FORMAT = "dwarf-with-dsym";
				ENABLE_NS_ASSERTIONS = NO;
				ENABLE_STRICT_OBJC_MSGSEND = YES;
				GCC_C_LANGUAGE_STANDARD = gnu99;
				GCC_NO_COMMON_BLOCKS = YES;
				GCC_WARN_64_TO_32_BIT_CONVERSION = YES;
				GCC_WARN_ABOUT_RETURN_TYPE = YES_ERROR;
				GCC_WARN_UNDECLARED_SELECTOR = YES;
				GCC_WARN_UNINITIALIZED_AUTOS = YES_AGGRESSIVE;
				GCC_WARN_UNUSED_FUNCTION = YES;
				GCC_WARN_UNUSED_VARIABLE = YES;
				IPHONEOS_DEPLOYMENT_TARGET = 10.3;
				MTL_ENABLE_DEBUG_INFO = NO;
				SDKROOT = iphoneos;
				SWIFT_OPTIMIZATION_LEVEL = "-Owholemodule";
				VALIDATE_PRODUCT = YES;
			};
			name = Release;
		};
		61BFE8A31F2410C100D2E947 /* Debug */ = {
			isa = XCBuildConfiguration;
			baseConfigurationReference = 08562B6DE3E5FA7628FE429C /* Pods-Wilos.debug.xcconfig */;
			buildSettings = {
				ASSETCATALOG_COMPILER_APPICON_NAME = AppIcon;
				DEVELOPMENT_TEAM = JXTYT79G8A;
				INFOPLIST_FILE = Wilos/Info.plist;
				LD_RUNPATH_SEARCH_PATHS = "$(inherited) @executable_path/Frameworks";
				PRODUCT_BUNDLE_IDENTIFIER = com.usharif.Wilos;
				PRODUCT_NAME = "$(TARGET_NAME)";
				SWIFT_VERSION = 3.0;
			};
			name = Debug;
		};
		61BFE8A41F2410C100D2E947 /* Release */ = {
			isa = XCBuildConfiguration;
			baseConfigurationReference = A0B7F64804B19522B8873504 /* Pods-Wilos.release.xcconfig */;
			buildSettings = {
				ASSETCATALOG_COMPILER_APPICON_NAME = AppIcon;
				DEVELOPMENT_TEAM = JXTYT79G8A;
				INFOPLIST_FILE = Wilos/Info.plist;
				LD_RUNPATH_SEARCH_PATHS = "$(inherited) @executable_path/Frameworks";
				PRODUCT_BUNDLE_IDENTIFIER = com.usharif.Wilos;
				PRODUCT_NAME = "$(TARGET_NAME)";
				SWIFT_VERSION = 3.0;
			};
			name = Release;
		};
/* End XCBuildConfiguration section */

/* Begin XCConfigurationList section */
		61BFE88B1F2410C100D2E947 /* Build configuration list for PBXProject "Wilos" */ = {
			isa = XCConfigurationList;
			buildConfigurations = (
				61BFE8A01F2410C100D2E947 /* Debug */,
				61BFE8A11F2410C100D2E947 /* Release */,
			);
			defaultConfigurationIsVisible = 0;
			defaultConfigurationName = Release;
		};
		61BFE8A21F2410C100D2E947 /* Build configuration list for PBXNativeTarget "Wilos" */ = {
			isa = XCConfigurationList;
			buildConfigurations = (
				61BFE8A31F2410C100D2E947 /* Debug */,
				61BFE8A41F2410C100D2E947 /* Release */,
			);
			defaultConfigurationIsVisible = 0;
			defaultConfigurationName = Release;
		};
/* End XCConfigurationList section */
	};
	rootObject = 61BFE8881F2410C100D2E947 /* Project object */;
}
